<?xml version="1.0" encoding="utf-8"?>
<Project ToolsVersion="4.0" xmlns="http://schemas.microsoft.com/developer/msbuild/2003">
  <ItemGroup>
    <Filter Include="Header">
      <UniqueIdentifier>{3b4433ea-2323-484a-a59e-42a39e6b82b6}</UniqueIdentifier>
    </Filter>
    <Filter Include="Source">
      <UniqueIdentifier>{f9f4bb1b-3608-4d2c-867d-02fd656eb565}</UniqueIdentifier>
    </Filter>
    <Filter Include="Shader">
      <UniqueIdentifier>{da3172c8-54c7-4486-a127-f0299c5f319d}</UniqueIdentifier>
    </Filter>
  </ItemGroup>
  <ItemGroup>
    <ClInclude Include="Header\Win32Application.h">
      <Filter>Header</Filter>
    </ClInclude>
    <ClInclude Include="Header\AppSimple.h">
      <Filter>Header</Filter>
    </ClInclude>
    <ClInclude Include="Header\ConsoleDisplay.h">
      <Filter>Header</Filter>
    </ClInclude>
    <ClInclude Include="Header\DX12Context.h">
      <Filter>Header</Filter>
    </ClInclude>
    <ClInclude Include="Header\DX12Exception.h">
      <Filter>Header</Filter>
    </ClInclude>
    <ClInclude Include="Header\Scene.h">
      <Filter>Header</Filter>
    </ClInclude>
    <ClInclude Include="Header\AppBase.h">
      <Filter>Header</Filter>
    </ClInclude>
    <ClInclude Include="Header\DX12Helper.h">
      <Filter>Header</Filter>
    </ClInclude>
    <ClInclude Include="Header\PipelineSimple.h">
      <Filter>Header</Filter>
    </ClInclude>
  </ItemGroup>
  <ItemGroup>
    <ClCompile Include="Source\Main.cpp">
      <Filter>Source</Filter>
    </ClCompile>
    <ClCompile Include="Source\Win32Application.cpp">
      <Filter>Source</Filter>
    </ClCompile>
    <ClCompile Include="Source\AppSimple.cpp">
      <Filter>Source</Filter>
    </ClCompile>
    <ClCompile Include="Source\DX12Exception.cpp">
      <Filter>Source</Filter>
    </ClCompile>
    <ClCompile Include="Source\ConsoleDisplay.cpp">
      <Filter>Source</Filter>
    </ClCompile>
    <ClCompile Include="Source\Scene.cpp">
      <Filter>Source</Filter>
    </ClCompile>
    <ClCompile Include="Source\AppBase.cpp">
      <Filter>Source</Filter>
    </ClCompile>
    <ClCompile Include="Source\DX12Context.cpp">
      <Filter>Source</Filter>
    </ClCompile>
    <ClCompile Include="Source\PipelineSimple.cpp">
      <Filter>Source</Filter>
    </ClCompile>
  </ItemGroup>
  <ItemGroup>
    <Text Include="Shader\Shader.hlsl">
      <Filter>Shader</Filter>
    </Text>
  </ItemGroup>
</Project>