<?xml version="1.0" encoding="utf-8"?>
<Project ToolsVersion="4.0" xmlns="http://schemas.microsoft.com/developer/msbuild/2003">
  <ItemGroup>
    <Filter Include="Header">
      <UniqueIdentifier>{3b4433ea-2323-484a-a59e-42a39e6b82b6}</UniqueIdentifier>
    </Filter>
    <Filter Include="Source">
      <UniqueIdentifier>{f9f4bb1b-3608-4d2c-867d-02fd656eb565}</UniqueIdentifier>
    </Filter>
    <Filter Include="Shader">
      <UniqueIdentifier>{da3172c8-54c7-4486-a127-f0299c5f319d}</UniqueIdentifier>
    </Filter>
    <Filter Include="Header\DirectX12">
      <UniqueIdentifier>{d0792b89-0407-4dee-9b92-6afa14695b03}</UniqueIdentifier>
    </Filter>
    <Filter Include="Source\DirectX12">
      <UniqueIdentifier>{73945e71-d090-4af2-89ff-8b4060d07dda}</UniqueIdentifier>
    </Filter>
    <Filter Include="Header\Apps">
      <UniqueIdentifier>{2a6d88c5-0fe6-4386-b615-776401ed1716}</UniqueIdentifier>
    </Filter>
    <Filter Include="Header\Pipelines">
      <UniqueIdentifier>{db0dd86c-fe41-42f8-969d-c2054e69b1ea}</UniqueIdentifier>
    </Filter>
    <Filter Include="Header\Scene">
      <UniqueIdentifier>{67bba723-e0b9-493f-bce9-8e698d394d1c}</UniqueIdentifier>
    </Filter>
    <Filter Include="Source\Apps">
      <UniqueIdentifier>{5c20210f-acc3-4114-8a1a-daa8a388db6b}</UniqueIdentifier>
    </Filter>
    <Filter Include="Source\Scene">
      <UniqueIdentifier>{9210b8c0-ec0d-49b5-907b-71ada04e45b6}</UniqueIdentifier>
    </Filter>
    <Filter Include="Source\Pipelines">
      <UniqueIdentifier>{9905b90c-4bea-4722-879e-bd3ed211ce6d}</UniqueIdentifier>
    </Filter>
    <Filter Include="Header\Resources">
      <UniqueIdentifier>{00ea7521-acce-41bb-be72-d443172201be}</UniqueIdentifier>
    </Filter>
    <Filter Include="Source\Resources">
      <UniqueIdentifier>{933f8fb1-7a7a-4105-b37b-47a7fbd808fa}</UniqueIdentifier>
    </Filter>
    <Filter Include="Shader\PBR">
      <UniqueIdentifier>{055bd003-f892-475f-81cd-4fc38b740a4b}</UniqueIdentifier>
    </Filter>
  </ItemGroup>
  <ItemGroup>
    <ClInclude Include="Header\Win32Application.h">
      <Filter>Header</Filter>
    </ClInclude>
    <ClInclude Include="Header\Configs.h">
      <Filter>Header</Filter>
    </ClInclude>
    <ClInclude Include="Header\Utility.h">
      <Filter>Header</Filter>
    </ClInclude>
    <ClInclude Include="Header\Camera.h">
      <Filter>Header</Filter>
    </ClInclude>
    <ClInclude Include="Header\DirectX12\DX12Context.h">
      <Filter>Header\DirectX12</Filter>
    </ClInclude>
    <ClInclude Include="Header\DirectX12\DX12Exception.h">
      <Filter>Header\DirectX12</Filter>
    </ClInclude>
    <ClInclude Include="Header\DirectX12\DX12Helper.h">
      <Filter>Header\DirectX12</Filter>
    </ClInclude>
    <ClInclude Include="Header\DirectX12\DX12Image.h">
      <Filter>Header\DirectX12</Filter>
    </ClInclude>
    <ClInclude Include="Header\DirectX12\DX12Shader.h">
      <Filter>Header\DirectX12</Filter>
    </ClInclude>
    <ClInclude Include="Header\UiData.h">
      <Filter>Header</Filter>
    </ClInclude>
    <ClInclude Include="Header\Apps\AppBase.h">
      <Filter>Header\Apps</Filter>
    </ClInclude>
    <ClInclude Include="Header\Apps\AppSimple.h">
      <Filter>Header\Apps</Filter>
    </ClInclude>
    <ClInclude Include="Header\Scene\Scene.h">
      <Filter>Header\Scene</Filter>
    </ClInclude>
    <ClInclude Include="Header\Scene\VertexData.h">
      <Filter>Header\Scene</Filter>
    </ClInclude>
    <ClInclude Include="Header\Pipelines\PipelineSimple.h">
      <Filter>Header\Pipelines</Filter>
    </ClInclude>
    <ClInclude Include="Header\Scene\Mesh.h">
      <Filter>Header\Scene</Filter>
    </ClInclude>
    <ClInclude Include="Header\Scene\ShapeGenerator.h">
      <Filter>Header\Scene</Filter>
    </ClInclude>
    <ClInclude Include="Header\DirectX12\DX12Buffer.h">
      <Filter>Header\DirectX12</Filter>
    </ClInclude>
    <ClInclude Include="Header\Scene\Model.h">
      <Filter>Header\Scene</Filter>
    </ClInclude>
    <ClInclude Include="Header\Pipelines\PipelineBase.h">
      <Filter>Header\Pipelines</Filter>
    </ClInclude>
    <ClInclude Include="Header\Resources\ResourcesBase.h">
      <Filter>Header\Resources</Filter>
    </ClInclude>
    <ClInclude Include="Header\Resources\ResourcesShared.h">
      <Filter>Header\Resources</Filter>
    </ClInclude>
    <ClInclude Include="Header\Resources\ResourcesLights.h">
      <Filter>Header\Resources</Filter>
    </ClInclude>
    <ClInclude Include="Header\ConstantBufferStructs.h">
      <Filter>Header</Filter>
    </ClInclude>
    <ClInclude Include="Header\Pipelines\PipelineClear.h">
      <Filter>Header\Pipelines</Filter>
    </ClInclude>
    <ClInclude Include="Header\Pipelines\PipelinePresent.h">
      <Filter>Header\Pipelines</Filter>
    </ClInclude>
    <ClInclude Include="Header\Pipelines\PipelineMipmap.h">
      <Filter>Header\Pipelines</Filter>
    </ClInclude>
    <ClInclude Include="Header\RootConstParam.h">
      <Filter>Header</Filter>
    </ClInclude>
    <ClInclude Include="Header\Pipelines\PipelineTonemap.h">
      <Filter>Header\Pipelines</Filter>
    </ClInclude>
    <ClInclude Include="Header\Pipelines\PipelineResolve.h">
      <Filter>Header\Pipelines</Filter>
    </ClInclude>
    <ClInclude Include="Header\Pipelines\PipelineEquirect2Cube.h">
      <Filter>Header\Pipelines</Filter>
    </ClInclude>
    <ClInclude Include="Header\Pipelines\PipelineSkybox.h">
      <Filter>Header\Pipelines</Filter>
    </ClInclude>
    <ClInclude Include="Header\Resources\ResourcesIBL.h">
      <Filter>Header\Resources</Filter>
    </ClInclude>
    <ClInclude Include="Header\DirectX12\DX12RootSignature.h">
      <Filter>Header\DirectX12</Filter>
    </ClInclude>
    <ClInclude Include="Header\DirectX12\DX12Descriptor.h">
      <Filter>Header\DirectX12</Filter>
    </ClInclude>
    <ClInclude Include="Header\DirectX12\DX12DescriptorHeap.h">
      <Filter>Header\DirectX12</Filter>
    </ClInclude>
    <ClInclude Include="Header\Scene\ScenePODs.h">
      <Filter>Header\Scene</Filter>
    </ClInclude>
    <ClInclude Include="Header\Scene\TextureMapper.h">
      <Filter>Header\Scene</Filter>
    </ClInclude>
    <ClInclude Include="Header\IndirectCommand.h">
      <Filter>Header</Filter>
    </ClInclude>
    <ClInclude Include="Header\Pipelines\PipelineImGui.h">
      <Filter>Header\Pipelines</Filter>
    </ClInclude>
    <ClInclude Include="Header\Timer.h">
      <Filter>Header</Filter>
    </ClInclude>
    <ClInclude Include="Header\Pipelines\PipelineBRDFLUT.h">
      <Filter>Header\Pipelines</Filter>
    </ClInclude>
    <ClInclude Include="Header\Pipelines\PipelineDiffuseMap.h">
      <Filter>Header\Pipelines</Filter>
    </ClInclude>
    <ClInclude Include="Header\Pipelines\PipelineSpecularMap.h">
      <Filter>Header\Pipelines</Filter>
    </ClInclude>
  </ItemGroup>
  <ItemGroup>
    <ClCompile Include="Source\Main.cpp">
      <Filter>Source</Filter>
    </ClCompile>
    <ClCompile Include="Source\Win32Application.cpp">
      <Filter>Source</Filter>
    </ClCompile>
    <ClCompile Include="Source\Utility.cpp">
      <Filter>Source</Filter>
    </ClCompile>
    <ClCompile Include="Source\Camera.cpp">
      <Filter>Source</Filter>
    </ClCompile>
    <ClCompile Include="Source\DirectX12\DX12Context.cpp">
      <Filter>Source\DirectX12</Filter>
    </ClCompile>
    <ClCompile Include="Source\DirectX12\DX12Exception.cpp">
      <Filter>Source\DirectX12</Filter>
    </ClCompile>
    <ClCompile Include="Source\DirectX12\DX12Image.cpp">
      <Filter>Source\DirectX12</Filter>
    </ClCompile>
    <ClCompile Include="Source\DirectX12\DX12Shader.cpp">
      <Filter>Source\DirectX12</Filter>
    </ClCompile>
    <ClCompile Include="Source\Apps\AppBase.cpp">
      <Filter>Source\Apps</Filter>
    </ClCompile>
    <ClCompile Include="Source\Apps\AppSimple.cpp">
      <Filter>Source\Apps</Filter>
    </ClCompile>
    <ClCompile Include="Source\Pipelines\PipelineSimple.cpp">
      <Filter>Source\Pipelines</Filter>
    </ClCompile>
    <ClCompile Include="Source\Scene\Scene.cpp">
      <Filter>Source\Scene</Filter>
    </ClCompile>
    <ClCompile Include="Source\Scene\Mesh.cpp">
      <Filter>Source\Scene</Filter>
    </ClCompile>
    <ClCompile Include="Source\Scene\ShapeGenerator.cpp">
      <Filter>Source\Scene</Filter>
    </ClCompile>
    <ClCompile Include="Source\DirectX12\DX12Buffer.cpp">
      <Filter>Source\DirectX12</Filter>
    </ClCompile>
    <ClCompile Include="Source\Scene\Model.cpp">
      <Filter>Source\Scene</Filter>
    </ClCompile>
    <ClCompile Include="Source\Pipelines\PipelineBase.cpp">
      <Filter>Source\Pipelines</Filter>
    </ClCompile>
    <ClCompile Include="Source\Resources\ResourcesLights.cpp">
      <Filter>Source\Resources</Filter>
    </ClCompile>
    <ClCompile Include="Source\Resources\ResourcesShared.cpp">
      <Filter>Source\Resources</Filter>
    </ClCompile>
    <ClCompile Include="Source\Pipelines\PipelineClear.cpp">
      <Filter>Source\Pipelines</Filter>
    </ClCompile>
    <ClCompile Include="Source\Pipelines\PipelinePresent.cpp">
      <Filter>Source\Pipelines</Filter>
    </ClCompile>
    <ClCompile Include="Source\Pipelines\PipelineMipmap.cpp">
      <Filter>Source\Pipelines</Filter>
    </ClCompile>
    <ClCompile Include="Source\Pipelines\PipelineTonemap.cpp">
      <Filter>Source\Pipelines</Filter>
    </ClCompile>
    <ClCompile Include="Source\Pipelines\PipelineResolve.cpp">
      <Filter>Source\Pipelines</Filter>
    </ClCompile>
    <ClCompile Include="Source\Pipelines\PipelineEquirect2Cube.cpp">
      <Filter>Source\Pipelines</Filter>
    </ClCompile>
    <ClCompile Include="Source\Pipelines\PipelineSkybox.cpp">
      <Filter>Source\Pipelines</Filter>
    </ClCompile>
    <ClCompile Include="Source\Resources\ResourcesIBL.cpp">
      <Filter>Source\Resources</Filter>
    </ClCompile>
    <ClCompile Include="Source\DirectX12\DX12RootSignature.cpp">
      <Filter>Source\DirectX12</Filter>
    </ClCompile>
    <ClCompile Include="Source\DirectX12\DX12DescriptorHeap.cpp">
      <Filter>Source\DirectX12</Filter>
    </ClCompile>
    <ClCompile Include="Source\Pipelines\PipelineImGui.cpp">
      <Filter>Source\Pipelines</Filter>
    </ClCompile>
    <ClCompile Include="Source\Timer.cpp">
      <Filter>Source</Filter>
    </ClCompile>
    <ClCompile Include="Source\Pipelines\PipelineBRDFLUT.cpp">
      <Filter>Source\Pipelines</Filter>
    </ClCompile>
    <ClCompile Include="Source\Pipelines\PipelineDiffuseMap.cpp">
      <Filter>Source\Pipelines</Filter>
    </ClCompile>
    <ClCompile Include="Source\Pipelines\PipelineSpecularMap.cpp">
      <Filter>Source\Pipelines</Filter>
    </ClCompile>
  </ItemGroup>
  <ItemGroup>
    <Text Include="Shader\LightData.hlsli">
      <Filter>Shader</Filter>
    </Text>
  </ItemGroup>
  <ItemGroup>
    <None Include="Shader\CameraData.hlsli">
      <Filter>Shader</Filter>
    </None>
    <None Include="Shader\ModelData.hlsli">
      <Filter>Shader</Filter>
    </None>
    <None Include="Shader\BlinnPhong.hlsl">
      <Filter>Shader</Filter>
    </None>
    <None Include="Shader\Equirect2Cube.hlsl">
      <Filter>Shader</Filter>
    </None>
    <None Include="Shader\Mipmap.hlsl">
      <Filter>Shader</Filter>
    </None>
    <None Include="Shader\Skybox.hlsl">
      <Filter>Shader</Filter>
    </None>
    <None Include="Shader\Tonemap.hlsl">
      <Filter>Shader</Filter>
    </None>
    <None Include="packages.config" />
    <None Include="Shader\VertexData.hlsli">
      <Filter>Shader</Filter>
    </None>
    <None Include="Shader\MeshData.hlsli">
      <Filter>Shader</Filter>
    </None>
    <None Include="Shader\PBR\Header.hlsli">
      <Filter>Shader\PBR</Filter>
    </None>
    <None Include="Shader\PBR\NormalTBN.hlsli">
      <Filter>Shader\PBR</Filter>
    </None>
    <None Include="Shader\PBR\Radiance.hlsli">
      <Filter>Shader\PBR</Filter>
    </None>
    <None Include="Shader\PBR\PBR.hlsl">
      <Filter>Shader\PBR</Filter>
    </None>
    <None Include="Shader\PBR\CPBR.hlsli">
      <Filter>Shader\PBR</Filter>
    </None>
  </ItemGroup>
</Project>